
Microsoft Visual Studio Solution File, Format Version 12.00
# Visual Studio Version 17
VisualStudioVersion = 17.9.34723.18
MinimumVisualStudioVersion = 10.0.40219.1
Project("{FAE04EC0-301F-11D3-BF4B-00C04F79EFBC}") = "JavaScriptAufgaben", "JavaScriptAufgaben\JavaScriptAufgaben.csproj", "{21566B95-F22C-4821-9CFB-7590E8451807}"
EndProject
Project("{FAE04EC0-301F-11D3-BF4B-00C04F79EFBC}") = "AufgabeFunktionen", "AufgabeFunktionen\AufgabeFunktionen.csproj", "{AF33A98E-F2B8-49E4-9516-19F489F6FE99}"
EndProject
Global
	GlobalSection(SolutionConfigurationPlatforms) = preSolution
		Debug|Any CPU = Debug|Any CPU
		Release|Any CPU = Release|Any CPU
	EndGlobalSection
	GlobalSection(ProjectConfigurationPlatforms) = postSolution
		{21566B95-F22C-4821-9CFB-7590E8451807}.Debug|Any CPU.ActiveCfg = Debug|Any CPU
		{21566B95-F22C-4821-9CFB-7590E8451807}.Debug|Any CPU.Build.0 = Debug|Any CPU
		{21566B95-F22C-4821-9CFB-7590E8451807}.Release|Any CPU.ActiveCfg = Release|Any CPU
		{21566B95-F22C-4821-9CFB-7590E8451807}.Release|Any CPU.Build.0 = Release|Any CPU
		{AF33A98E-F2B8-49E4-9516-19F489F6FE99}.Debug|Any CPU.ActiveCfg = Debug|Any CPU
		{AF33A98E-F2B8-49E4-9516-19F489F6FE99}.Debug|Any CPU.Build.0 = Debug|Any CPU
		{AF33A98E-F2B8-49E4-9516-19F489F6FE99}.Release|Any CPU.ActiveCfg = Release|Any CPU
		{AF33A98E-F2B8-49E4-9516-19F489F6FE99}.Release|Any CPU.Build.0 = Release|Any CPU
	EndGlobalSection
	GlobalSection(SolutionProperties) = preSolution
		HideSolutionNode = FALSE
	EndGlobalSection
	GlobalSection(ExtensibilityGlobals) = postSolution
		SolutionGuid = {0F26918A-A064-4EB7-8F10-E61EDFC46ED1}
	EndGlobalSection
EndGlobal
